github.com/gorilla/websocket v1.4.1 h1:q7AeDBpnBk8AogcD4DSag/Ukw/KV+YhzLj2bP5HvKCM=
github.com/gorilla/websocket v1.4.1/go.mod h1:YR8l580nyteQvAITg2hZ9XVh4b55+EU/adAjf1fMHhE=
github.com/gorilla/websocket v1.4.2 h1:+/TMaTYc4QFitKJxsQ7Yye35DkWvkdLcvGKqM+x0Ufc=
github.com/gorilla/websocket v1.4.2/go.mod h1:YR8l580nyteQvAITg2hZ9XVh4b55+EU/adAjf1fMHhE=
github.com/kataras/golog v0.0.10 h1:vRDRUmwacco/pmBAm8geLn8rHEdc+9Z4NAr5Sh7TG/4=
github.com/kataras/golog v0.0.10/go.mod h1:yJ8YKCmyL+nWjERB90Qwn+bdyBZsaQwU3bTVFgkFIp8=
github.com/kataras/golog v0.0.18 h1:Td7hcKN25yzqB/0SO5iohOsMk5Mq5V9kDtM5apaJLY0=
github.com/kataras/golog v0.0.18/go.mod h1:jRYl7dFYqP8aQj9VkwdBUXYZSfUktm+YYg1arJILfyw=
github.com/kataras/pio v0.0.2 h1:6NAi+uPJ/Zuid6mrAKlgpbI11/zK/lV4B2rxWaJN98Y=
github.com/kataras/pio v0.0.2/go.mod h1:hAoW0t9UmXi4R5Oyq5Z4irTbaTsOemSrDGUtaTl7Dro=
github.com/kataras/pio v0.0.8 h1:6pX6nHJk7DAV3x1dEimibQF2CmJLlo0jWVmM9yE9KY8=
github.com/kataras/pio v0.0.8/go.mod h1:NFfMp2kVP1rmV4N6gH6qgWpuoDKlrOeYi3VrAIWCGsE=
golang.org/x/sys v0.0.0-20200102141924-c96a22e43c9c h1:OYFUffxXPezb7BVTx9AaD4Vl0qtxmklBIkwCKH1YwDY=
golang.org/x/sys v0.0.0-20200102141924-c96a22e43c9c/go.mod h1:h1NjWce9XRLGQEsW7wpKNCjG9DtNlClVuFLEZdDNbEs=
